# THIS IS AN AUTOGENERATED FILE. DO NOT EDIT THIS FILE DIRECTLY.
# yarn lockfile v1


"@popperjs/core@^2.11.7":
  version "2.11.7"
  resolved "https://registry.yarnpkg.com/@popperjs/core/-/core-2.11.7.tgz#ccab5c8f7dc557a52ca3288c10075c9ccd37fff7"
  integrity sha512-Cr4OjIkipTtcXKjAsm8agyleBuDHvxzeBoa1v543lbv1YaIwQjESsVcmjiWiPEbC1FIeHOG/Op9kdCmAmiS3Kw==

animejs@^3.2.1:
  version "3.2.1"
  resolved "https://registry.yarnpkg.com/animejs/-/animejs-3.2.1.tgz#de9fe2e792f44a777a7fdf6ae160e26604b0cdda"
  integrity sha512-sWno3ugFryK5nhiDm/2BKeFCpZv7vzerWUcUPyAZLDhMek3+S/p418ldZJbJXo5ZUOpfm2kP2XRO4NJcULMy9A==

bootstrap@^5.2.3:
  version "5.2.3"
  resolved "https://registry.yarnpkg.com/bootstrap/-/bootstrap-5.2.3.tgz#54739f4414de121b9785c5da3c87b37ff008322b"
  integrity sha512-cEKPM+fwb3cT8NzQZYEu4HilJ3anCrWqh3CHAok1p9jXqMPsPTBhU25fBckEJHJ/p+tTxTFTsFQGM+gaHpi3QQ==

core-js@^3.26.1:
  version "3.30.1"
  resolved "https://registry.yarnpkg.com/core-js/-/core-js-3.30.1.tgz#fc9c5adcc541d8e9fa3e381179433cbf795628ba"
  integrity sha512-ZNS5nbiSwDTq4hFosEDqm65izl2CWmLz0hARJMyNQBgkUZMIF51cQiMvIQKA6hvuaeWxQDP3hEedM1JZIgTldQ==

custom-event-polyfill@^1.0.7:
  version "1.0.7"
  resolved "https://registry.yarnpkg.com/custom-event-polyfill/-/custom-event-polyfill-1.0.7.tgz#9bc993ddda937c1a30ccd335614c6c58c4f87aee"
  integrity sha512-TDDkd5DkaZxZFM8p+1I3yAlvM3rSr1wbrOliG4yJiwinMZN8z/iGL7BTlDkrJcYTmgUSb4ywVCc3ZaUtOtC76w==

desandro-matches-selector@^2.0.0:
  version "2.0.2"
  resolved "https://registry.yarnpkg.com/desandro-matches-selector/-/desandro-matches-selector-2.0.2.tgz#717beed4dc13e7d8f3762f707a6d58a6774218e1"
  integrity sha512-+1q0nXhdzg1IpIJdMKalUwvvskeKnYyEe3shPRwedNcWtnhEKT3ZxvFjzywHDeGcKViIxTCAoOYQWP1qD7VNyg==

draggabilly@^3.0.0:
  version "3.0.0"
  resolved "https://registry.yarnpkg.com/draggabilly/-/draggabilly-3.0.0.tgz#48defe10a67f346a0338caaa40c0765c4d3912d6"
  integrity sha512-aEs+B6prbMZQMxc9lgTpCBfyCUhRur/VFucHhIOvlvvdARTj7TcDmX/cdOUtqbjJJUh7+agyJXR5Z6IFe1MxwQ==
  dependencies:
    get-size "^3.0.0"
    unidragger "^3.0.0"

ev-emitter@^1.0.0:
  version "1.1.1"
  resolved "https://registry.yarnpkg.com/ev-emitter/-/ev-emitter-1.1.1.tgz#8f18b0ce5c76a5d18017f71c0a795c65b9138f2a"
  integrity sha512-ipiDYhdQSCZ4hSbX4rMW+XzNKMD1prg/sTvoVmSLkuQ1MVlwjJQQA+sW8tMYR3BLUr9KjodFV4pvzunvRhd33Q==

ev-emitter@^2.0.0:
  version "2.1.2"
  resolved "https://registry.yarnpkg.com/ev-emitter/-/ev-emitter-2.1.2.tgz#91737a2deae9fa95453e7e86cfae976f8c3ced38"
  integrity sha512-jQ5Ql18hdCQ4qS+RCrbLfz1n+Pags27q5TwMKvZyhp5hh2UULUYZUy1keqj6k6SYsdqIYjnmz7xyyEY0V67B8Q==

fizzy-ui-utils@^2.0.0:
  version "2.0.7"
  resolved "https://registry.yarnpkg.com/fizzy-ui-utils/-/fizzy-ui-utils-2.0.7.tgz#7df45dcc4eb374a08b65d39bb9a4beedf7330505"
  integrity sha512-CZXDVXQ1If3/r8s0T+v+qVeMshhfcuq0rqIFgJnrtd+Bu8GmDmqMjntjUePypVtjHXKJ6V4sw9zeyox34n9aCg==
  dependencies:
    desandro-matches-selector "^2.0.0"

get-size@^2.0.2:
  version "2.0.3"
  resolved "https://registry.yarnpkg.com/get-size/-/get-size-2.0.3.tgz#54a1d0256b20ea7ac646516756202769941ad2ef"
  integrity sha512-lXNzT/h/dTjTxRbm9BXb+SGxxzkm97h/PCIKtlN/CBCxxmkkIVV21udumMS93MuVTDX583gqc94v3RjuHmI+2Q==

get-size@^3.0.0:
  version "3.0.0"
  resolved "https://registry.yarnpkg.com/get-size/-/get-size-3.0.0.tgz#00e39a8042a3de237b2fcf288eaf55d3f472417c"
  integrity sha512-Y8aiXLq4leR7807UY0yuKEwif5s3kbVp1nTv+i4jBeoUzByTLKkLWu/HorS6/pB+7gsB0o7OTogC8AoOOeT0Hw==

jquery@^3.6.4:
  version "3.6.4"
  resolved "https://registry.yarnpkg.com/jquery/-/jquery-3.6.4.tgz#ba065c188142100be4833699852bf7c24dc0252f"
  integrity sha512-v28EW9DWDFpzcD9O5iyJXg3R3+q+mET5JhnjJzQUZMHOv67bpSIHq81GEYpPNZHG+XXHsfSme3nxp/hndKEcsQ==

loadjs@^4.2.0:
  version "4.2.0"
  resolved "https://registry.yarnpkg.com/loadjs/-/loadjs-4.2.0.tgz#2a0336376397a6a43edf98c9ec3229ddd5abb6f6"
  integrity sha512-AgQGZisAlTPbTEzrHPb6q+NYBMD+DP9uvGSIjSUM5uG+0jG15cb8axWpxuOIqrmQjn6scaaH8JwloiP27b2KXA==

outlayer@^2.0.0:
  version "2.1.1"
  resolved "https://registry.yarnpkg.com/outlayer/-/outlayer-2.1.1.tgz#29863b6de10ea5dadfffcadfa0d728907387e9a2"
  integrity sha512-+GplXsCQ3VrbGujAeHEzP9SXsBmJxzn/YdDSQZL0xqBmAWBmortu2Y9Gwdp9J0bgDQ8/YNIPMoBM13nTwZfAhw==
  dependencies:
    ev-emitter "^1.0.0"
    fizzy-ui-utils "^2.0.0"
    get-size "^2.0.2"

packery@^2.1.2:
  version "2.1.2"
  resolved "https://registry.yarnpkg.com/packery/-/packery-2.1.2.tgz#92a3cc3303e781f151d93ee34d13325790c4f13f"
  integrity sha512-Coc+8Atz03c0iu1RK0PZIJMKcKrE4i9Z8UBBywqz7Dhy40mMPM5wMQfqO9P2eqFP+lxKjGMTHgRAwjBQc+AQ5w==
  dependencies:
    get-size "^2.0.2"
    outlayer "^2.0.0"

plyr@^3.7.8:
  version "3.7.8"
  resolved "https://registry.yarnpkg.com/plyr/-/plyr-3.7.8.tgz#b79bccc23687705b5d9a283b2a88c124bf7471ed"
  integrity sha512-yG/EHDobwbB/uP+4Bm6eUpJ93f8xxHjjk2dYcD1Oqpe1EcuQl5tzzw9Oq+uVAzd2lkM11qZfydSiyIpiB8pgdA==
  dependencies:
    core-js "^3.26.1"
    custom-event-polyfill "^1.0.7"
    loadjs "^4.2.0"
    rangetouch "^2.0.1"
    url-polyfill "^1.1.12"

rangetouch@^2.0.1:
  version "2.0.1"
  resolved "https://registry.yarnpkg.com/rangetouch/-/rangetouch-2.0.1.tgz#c01105110fd3afca2adcb1a580692837d883cb70"
  integrity sha512-sln+pNSc8NGaHoLzwNBssFSf/rSYkqeBXzX1AtJlkJiUaVSJSbRAWJk+4omsXkN+EJalzkZhWQ3th1m0FpR5xA==

unidragger@^3.0.0:
  version "3.0.1"
  resolved "https://registry.yarnpkg.com/unidragger/-/unidragger-3.0.1.tgz#72b2e63f2571ca6e95a884b139dfec764e08c7f3"
  integrity sha512-RngbGSwBFmqGBWjkaH+yB677uzR95blSQyxq6hYbrQCejH3Mx1nm8DVOuh3M9k2fQyTstWUG5qlgCnNqV/9jVw==
  dependencies:
    ev-emitter "^2.0.0"

url-polyfill@^1.1.12:
  version "1.1.12"
  resolved "https://registry.yarnpkg.com/url-polyfill/-/url-polyfill-1.1.12.tgz#6cdaa17f6b022841b3aec0bf8dbd87ac0cd33331"
  integrity sha512-mYFmBHCapZjtcNHW0MDq9967t+z4Dmg5CJ0KqysK3+ZbyoNOWQHksGCTWwDhxGXllkWlOc10Xfko6v4a3ucM6A==
